
Microsoft Visual Studio Solution File, Format Version 12.00
# Visual Studio Version 16
VisualStudioVersion = 16.0.31410.357
MinimumVisualStudioVersion = 10.0.40219.1
Project("{FAE04EC0-301F-11D3-BF4B-00C04F79EFBC}") = "DataAccess", "DataAccess\DataAccess.csproj", "{C2BC9B67-F5C2-44D2-BF6B-57FC3C0BF9A5}"
EndProject
Project("{FAE04EC0-301F-11D3-BF4B-00C04F79EFBC}") = "Business", "Business\Business.csproj", "{FD8D6C4B-9025-4BB6-A0D1-132026883396}"
EndProject
Project("{FAE04EC0-301F-11D3-BF4B-00C04F79EFBC}") = "Entities", "Entities\Entities.csproj", "{F597883A-B7D2-4054-BD5A-EC1E590FA1FF}"
EndProject
Project("{FAE04EC0-301F-11D3-BF4B-00C04F79EFBC}") = "ConsoleUI", "ConsoleUI\ConsoleUI.csproj", "{BF692B3D-CD7F-4D23-BA12-26C8E9D2C1C6}"
EndProject
Global
	GlobalSection(SolutionConfigurationPlatforms) = preSolution
		Debug|Any CPU = Debug|Any CPU
		Release|Any CPU = Release|Any CPU
	EndGlobalSection
	GlobalSection(ProjectConfigurationPlatforms) = postSolution
		{C2BC9B67-F5C2-44D2-BF6B-57FC3C0BF9A5}.Debug|Any CPU.ActiveCfg = Debug|Any CPU
		{C2BC9B67-F5C2-44D2-BF6B-57FC3C0BF9A5}.Debug|Any CPU.Build.0 = Debug|Any CPU
		{C2BC9B67-F5C2-44D2-BF6B-57FC3C0BF9A5}.Release|Any CPU.ActiveCfg = Release|Any CPU
		{C2BC9B67-F5C2-44D2-BF6B-57FC3C0BF9A5}.Release|Any CPU.Build.0 = Release|Any CPU
		{FD8D6C4B-9025-4BB6-A0D1-132026883396}.Debug|Any CPU.ActiveCfg = Debug|Any CPU
		{FD8D6C4B-9025-4BB6-A0D1-132026883396}.Debug|Any CPU.Build.0 = Debug|Any CPU
		{FD8D6C4B-9025-4BB6-A0D1-132026883396}.Release|Any CPU.ActiveCfg = Release|Any CPU
		{FD8D6C4B-9025-4BB6-A0D1-132026883396}.Release|Any CPU.Build.0 = Release|Any CPU
		{F597883A-B7D2-4054-BD5A-EC1E590FA1FF}.Debug|Any CPU.ActiveCfg = Debug|Any CPU
		{F597883A-B7D2-4054-BD5A-EC1E590FA1FF}.Debug|Any CPU.Build.0 = Debug|Any CPU
		{F597883A-B7D2-4054-BD5A-EC1E590FA1FF}.Release|Any CPU.ActiveCfg = Release|Any CPU
		{F597883A-B7D2-4054-BD5A-EC1E590FA1FF}.Release|Any CPU.Build.0 = Release|Any CPU
		{BF692B3D-CD7F-4D23-BA12-26C8E9D2C1C6}.Debug|Any CPU.ActiveCfg = Debug|Any CPU
		{BF692B3D-CD7F-4D23-BA12-26C8E9D2C1C6}.Debug|Any CPU.Build.0 = Debug|Any CPU
		{BF692B3D-CD7F-4D23-BA12-26C8E9D2C1C6}.Release|Any CPU.ActiveCfg = Release|Any CPU
		{BF692B3D-CD7F-4D23-BA12-26C8E9D2C1C6}.Release|Any CPU.Build.0 = Release|Any CPU
	EndGlobalSection
	GlobalSection(SolutionProperties) = preSolution
		HideSolutionNode = FALSE
	EndGlobalSection
	GlobalSection(ExtensibilityGlobals) = postSolution
		SolutionGuid = {1DF38D70-6DDA-4EB4-B653-353C85A4D510}
	EndGlobalSection
EndGlobal
